{
  "nodes": {
    "nixpkgs": {
      "locked": {
        "lastModified": 1784796856,
        "narHash": "sha256-wWFrV5/Qbm+lyt5x20E/bSbfJiGKMo4RCxZV8cl/WZI=",
        "owner": "NixOS",
        "repo": "nixpkgs",
        "rev": "e2587caef70cea85dd97d7daab492899902dbf5d",
        "type": "github"
      },
      "original": {
        "owner": "NixOS",
        "ref": "nixos-unstable",
        "repo": "nixpkgs",
        "type": "github"
      }
    },
    "open-wallpaper-engine-src": {
      "flake": false,
      "locked": {
        "lastModified": 1790332101,
        "narHash": "sha256-YQzPqrjdqs4FcHqDBA5mydAewByljGrAQeFXE+ERw5k=",
        "owner": "waywallen",
        "repo": "open-wallpaper-engine",
        "rev": "e71152cbabc9b38224a47a885c75edc4cada91f4",
        "type": "github"
      },
      "original": {
        "owner": "waywallen",
        "ref": "v0.3.0",
        "repo": "open-wallpaper-engine",
        "type": "github"
      }
    },
    "root": {
      "inputs": {
        "nixpkgs": "nixpkgs",
        "open-wallpaper-engine-src": "open-wallpaper-engine-src",
        "waywallen-display-src": "waywallen-display-src",
        "waywallen-src": "waywallen-src"
      }
    },
    "waywallen-display-src": {
      "flake": false,
      "locked": {
        "lastModified": 1790013793,
        "narHash": "sha256-qFCKUQSfx+bjbbfkj/REIf4w4U09sPCcilHI0lE6YqQ=",
        "owner": "waywallen",
        "repo": "waywallen-display",
        "rev": "4fc25d632125967de0be34d095206ca9420432e8",
        "type": "github"
      },
      "original": {
        "owner": "waywallen",
        "ref": "v0.4.0",
        "repo": "waywallen-display",
        "type": "github"
      }
    },
    "waywallen-src": {
      "flake": false,
      "locked": {
        "lastModified": 1790434686,
        "narHash": "sha256-nGTfRAUu9aPUPz/UfnMf8QJnO689/Xstl17yvWiKk1U=",
        "owner": "waywallen",
        "repo": "waywallen",
        "rev": "2bdf9af327eed42897b4a3f451db54d7996bbd57",
        "type": "github"
      },
      "original": {
        "owner": "waywallen",
        "ref": "v0.4.3",
        "repo": "waywallen",
        "type": "github"
      }
    }
  },
  "root": "root",
  "version": 7
}
