{
  "nodes": {
    "nixpkgs": {
      "locked": {
        "lastModified": 1790578696,
        "narHash": "sha256-ZoxIApko70jCdbH3l20HWXOBaT2HZd87orzd2yJ9dVE=",
        "owner": "NixOS",
        "repo": "nixpkgs",
        "rev": "7a0f122f5090cf4c2ade2a13a0e229d4e19ba71f",
        "type": "github"
      },
      "original": {
        "owner": "NixOS",
        "ref": "nixos-unstable",
        "repo": "nixpkgs",
        "type": "github"
      }
    },
    "open-wallpaper-engine-src": {
      "flake": false,
      "locked": {
        "lastModified": 1790332911,
        "narHash": "sha256-hW6ezg3Fu8zMASbvbfycA7B21U49ipU1TrAcqLttnmw=",
        "owner": "waywallen",
        "repo": "open-wallpaper-engine",
        "rev": "3f2e4ee27ee52e61434c1ac0f42affced8cf815c",
        "type": "github"
      },
      "original": {
        "owner": "waywallen",
        "repo": "open-wallpaper-engine",
        "rev": "3f2e4ee27ee52e61434c1ac0f42affced8cf815c",
        "type": "github"
      }
    },
    "root": {
      "inputs": {
        "nixpkgs": "nixpkgs",
        "open-wallpaper-engine-src": "open-wallpaper-engine-src",
        "waywallen-display-src": "waywallen-display-src",
        "waywallen-src": "waywallen-src"
      }
    },
    "waywallen-display-src": {
      "flake": false,
      "locked": {
        "lastModified": 1790013793,
        "narHash": "sha256-qFCKUQSfx+bjbbfkj/REIf4w4U09sPCcilHI0lE6YqQ=",
        "owner": "waywallen",
        "repo": "waywallen-display",
        "rev": "4fc25d632125967de0be34d095206ca9420432e8",
        "type": "github"
      },
      "original": {
        "owner": "waywallen",
        "ref": "v0.4.0",
        "repo": "waywallen-display",
        "type": "github"
      }
    },
    "waywallen-src": {
      "flake": false,
      "locked": {
        "lastModified": 1790434686,
        "narHash": "sha256-nGTfRAUu9aPUPz/UfnMf8QJnO689/Xstl17yvWiKk1U=",
        "owner": "waywallen",
        "repo": "waywallen",
        "rev": "2bdf9af327eed42897b4a3f451db54d7996bbd57",
        "type": "github"
      },
      "original": {
        "owner": "waywallen",
        "ref": "v0.4.3",
        "repo": "waywallen",
        "type": "github"
      }
    }
  },
  "root": "root",
  "version": 7
}
