{
  "nodes": {
    "nixpkgs": {
      "locked": {
        "lastModified": 1784796856,
        "narHash": "sha256-wWFrV5/Qbm+lyt5x20E/bSbfJiGKMo4RCxZV8cl/WZI=",
        "owner": "NixOS",
        "repo": "nixpkgs",
        "rev": "e2587caef70cea85dd97d7daab492899902dbf5d",
        "type": "github"
      },
      "original": {
        "owner": "NixOS",
        "ref": "nixos-unstable",
        "repo": "nixpkgs",
        "type": "github"
      }
    },
    "open-wallpaper-engine-src": {
      "flake": false,
      "locked": {
        "lastModified": 1786296465,
        "narHash": "sha256-0Nm0O1oKQB3gLRomSx9HGOE8+bq+lSMOC1o6fXcRoO0=",
        "owner": "waywallen",
        "repo": "open-wallpaper-engine",
        "rev": "ebdf46dde2524f4781b7bb2c5ba9000456adb086",
        "type": "github"
      },
      "original": {
        "owner": "waywallen",
        "ref": "v0.2.3",
        "repo": "open-wallpaper-engine",
        "type": "github"
      }
    },
    "root": {
      "inputs": {
        "nixpkgs": "nixpkgs",
        "open-wallpaper-engine-src": "open-wallpaper-engine-src",
        "waywallen-display-src": "waywallen-display-src",
        "waywallen-src": "waywallen-src"
      }
    },
    "waywallen-display-src": {
      "flake": false,
      "locked": {
        "lastModified": 1786207473,
        "narHash": "sha256-vKBo7JlaxZc0YkbBA6GPsF/Mpa9vqoQP9O9eRoMRNMU=",
        "owner": "waywallen",
        "repo": "waywallen-display",
        "rev": "6fe5cc5d1fe01d7b2e5b1611e7ff29b46bdf6b6b",
        "type": "github"
      },
      "original": {
        "owner": "waywallen",
        "ref": "v0.3.1",
        "repo": "waywallen-display",
        "type": "github"
      }
    },
    "waywallen-src": {
      "flake": false,
      "locked": {
        "lastModified": 1786383648,
        "narHash": "sha256-QToR+Qh6aDzOEWtjf6fbbhqMzB0a+JFaWibL4AqqBNs=",
        "owner": "waywallen",
        "repo": "waywallen",
        "rev": "dc99becb8de700593800718eabe9c1d1986becee",
        "type": "github"
      },
      "original": {
        "owner": "waywallen",
        "ref": "v0.3.3",
        "repo": "waywallen",
        "type": "github"
      }
    }
  },
  "root": "root",
  "version": 7
}
